
Microsoft Visual Studio Solution File, Format Version 11.00
# Visual Studio 2010
Project("{FAE04EC0-301F-11D3-BF4B-00C04F79EFBC}") = "Assembly-CSharp", "Assembly-CSharp.csproj", "{85e54d3e-c33d-2b06-a666-e2e953f95c19}"
EndProject
Project("{FAE04EC0-301F-11D3-BF4B-00C04F79EFBC}") = "spine-unity", "spine-unity.csproj", "{114b2f30-8d19-5f55-b0cf-8aa96945f2f1}"
EndProject
Project("{FAE04EC0-301F-11D3-BF4B-00C04F79EFBC}") = "spine-csharp", "spine-csharp.csproj", "{a0b6c02f-8750-0a25-330b-4d7c0c742e0e}"
EndProject
Project("{FAE04EC0-301F-11D3-BF4B-00C04F79EFBC}") = "Coffee.UIParticle", "Coffee.UIParticle.csproj", "{88bf34bd-10a4-023b-1df5-6044c0f3e500}"
EndProject
Project("{FAE04EC0-301F-11D3-BF4B-00C04F79EFBC}") = "PlayMode", "PlayMode.csproj", "{2ae8631a-e837-b231-8759-b39dd2a6a3f7}"
EndProject
Project("{FAE04EC0-301F-11D3-BF4B-00C04F79EFBC}") = "spine-unity-editor", "spine-unity-editor.csproj", "{260565f2-8edd-6d6c-afe6-d210ab6b2393}"
EndProject
Project("{FAE04EC0-301F-11D3-BF4B-00C04F79EFBC}") = "Coffee.UIParticle.Editor", "Coffee.UIParticle.Editor.csproj", "{ca0b965b-7d35-0424-fc2e-188a4fd76269}"
EndProject
Project("{FAE04EC0-301F-11D3-BF4B-00C04F79EFBC}") = "Assembly-CSharp-Editor", "Assembly-CSharp-Editor.csproj", "{c167a13c-7dcf-5904-e875-2b9e080e79b2}"
EndProject
Global
	GlobalSection(SolutionConfigurationPlatforms) = preSolution
		Debug|Any CPU = Debug|Any CPU
	EndGlobalSection
	GlobalSection(ProjectConfigurationPlatforms) = postSolution
		{85e54d3e-c33d-2b06-a666-e2e953f95c19}.Debug|Any CPU.ActiveCfg = Debug|Any CPU
		{85e54d3e-c33d-2b06-a666-e2e953f95c19}.Debug|Any CPU.Build.0 = Debug|Any CPU
		{114b2f30-8d19-5f55-b0cf-8aa96945f2f1}.Debug|Any CPU.ActiveCfg = Debug|Any CPU
		{114b2f30-8d19-5f55-b0cf-8aa96945f2f1}.Debug|Any CPU.Build.0 = Debug|Any CPU
		{a0b6c02f-8750-0a25-330b-4d7c0c742e0e}.Debug|Any CPU.ActiveCfg = Debug|Any CPU
		{a0b6c02f-8750-0a25-330b-4d7c0c742e0e}.Debug|Any CPU.Build.0 = Debug|Any CPU
		{88bf34bd-10a4-023b-1df5-6044c0f3e500}.Debug|Any CPU.ActiveCfg = Debug|Any CPU
		{88bf34bd-10a4-023b-1df5-6044c0f3e500}.Debug|Any CPU.Build.0 = Debug|Any CPU
		{2ae8631a-e837-b231-8759-b39dd2a6a3f7}.Debug|Any CPU.ActiveCfg = Debug|Any CPU
		{2ae8631a-e837-b231-8759-b39dd2a6a3f7}.Debug|Any CPU.Build.0 = Debug|Any CPU
		{260565f2-8edd-6d6c-afe6-d210ab6b2393}.Debug|Any CPU.ActiveCfg = Debug|Any CPU
		{260565f2-8edd-6d6c-afe6-d210ab6b2393}.Debug|Any CPU.Build.0 = Debug|Any CPU
		{ca0b965b-7d35-0424-fc2e-188a4fd76269}.Debug|Any CPU.ActiveCfg = Debug|Any CPU
		{ca0b965b-7d35-0424-fc2e-188a4fd76269}.Debug|Any CPU.Build.0 = Debug|Any CPU
		{c167a13c-7dcf-5904-e875-2b9e080e79b2}.Debug|Any CPU.ActiveCfg = Debug|Any CPU
		{c167a13c-7dcf-5904-e875-2b9e080e79b2}.Debug|Any CPU.Build.0 = Debug|Any CPU
	EndGlobalSection
	GlobalSection(SolutionProperties) = preSolution
		HideSolutionNode = FALSE
	EndGlobalSection
EndGlobal
